
Microsoft Visual Studio Solution File, Format Version 12.00
# Visual Studio 14
VisualStudioVersion = 14.0.23107.0
MinimumVisualStudioVersion = 10.0.40219.1
Project("{FAE04EC0-301F-11D3-BF4B-00C04F79EFBC}") = "Abstasis", "Abstasis\Abstasis.csproj", "{DDF06FF1-61F5-4F1E-8FF3-7E30565DFEEE}"
EndProject
Global
	GlobalSection(SolutionConfigurationPlatforms) = preSolution
		Debug|Any CPU = Debug|Any CPU
		Release|Any CPU = Release|Any CPU
	EndGlobalSection
	GlobalSection(ProjectConfigurationPlatforms) = postSolution
		{DDF06FF1-61F5-4F1E-8FF3-7E30565DFEEE}.Debug|Any CPU.ActiveCfg = Debug|Any CPU
		{DDF06FF1-61F5-4F1E-8FF3-7E30565DFEEE}.Debug|Any CPU.Build.0 = Debug|Any CPU
		{DDF06FF1-61F5-4F1E-8FF3-7E30565DFEEE}.Release|Any CPU.ActiveCfg = Release|Any CPU
		{DDF06FF1-61F5-4F1E-8FF3-7E30565DFEEE}.Release|Any CPU.Build.0 = Release|Any CPU
	EndGlobalSection
	GlobalSection(SolutionProperties) = preSolution
		HideSolutionNode = FALSE
	EndGlobalSection
EndGlobal
